
Microsoft Visual Studio Solution File, Format Version 12.00
# Visual Studio Version 17
VisualStudioVersion = 17.9.34728.123
MinimumVisualStudioVersion = 10.0.40219.1
Project("{FAE04EC0-301F-11D3-BF4B-00C04F79EFBC}") = "SimpleFactory", "SimpleFactory.csproj", "{4F297CDB-DBAC-49FD-BCD1-5D0DC8C1598E}"
EndProject
Global
	GlobalSection(SolutionConfigurationPlatforms) = preSolution
		Debug|Any CPU = Debug|Any CPU
		Release|Any CPU = Release|Any CPU
	EndGlobalSection
	GlobalSection(ProjectConfigurationPlatforms) = postSolution
		{4F297CDB-DBAC-49FD-BCD1-5D0DC8C1598E}.Debug|Any CPU.ActiveCfg = Debug|Any CPU
		{4F297CDB-DBAC-49FD-BCD1-5D0DC8C1598E}.Debug|Any CPU.Build.0 = Debug|Any CPU
		{4F297CDB-DBAC-49FD-BCD1-5D0DC8C1598E}.Release|Any CPU.ActiveCfg = Release|Any CPU
		{4F297CDB-DBAC-49FD-BCD1-5D0DC8C1598E}.Release|Any CPU.Build.0 = Release|Any CPU
	EndGlobalSection
	GlobalSection(SolutionProperties) = preSolution
		HideSolutionNode = FALSE
	EndGlobalSection
	GlobalSection(ExtensibilityGlobals) = postSolution
		SolutionGuid = {A21E8AF3-1032-4E3E-BBBC-4390916617CB}
	EndGlobalSection
EndGlobal
